
Microsoft Visual Studio Solution File, Format Version 12.00
# Visual Studio 15
VisualStudioVersion = 15.0.27703.2042
MinimumVisualStudioVersion = 10.0.40219.1
Project("{FAE04EC0-301F-11D3-BF4B-00C04F79EFBC}") = "useing_mediatr_in_aspnet", "useing_mediatr_in_aspnet\useing_mediatr_in_aspnet.csproj", "{384C3600-9B8D-4DB8-AD15-9CDD5FED8C7C}"
EndProject
Global
	GlobalSection(SolutionConfigurationPlatforms) = preSolution
		Debug|Any CPU = Debug|Any CPU
		Release|Any CPU = Release|Any CPU
	EndGlobalSection
	GlobalSection(ProjectConfigurationPlatforms) = postSolution
		{384C3600-9B8D-4DB8-AD15-9CDD5FED8C7C}.Debug|Any CPU.ActiveCfg = Debug|Any CPU
		{384C3600-9B8D-4DB8-AD15-9CDD5FED8C7C}.Debug|Any CPU.Build.0 = Debug|Any CPU
		{384C3600-9B8D-4DB8-AD15-9CDD5FED8C7C}.Release|Any CPU.ActiveCfg = Release|Any CPU
		{384C3600-9B8D-4DB8-AD15-9CDD5FED8C7C}.Release|Any CPU.Build.0 = Release|Any CPU
	EndGlobalSection
	GlobalSection(SolutionProperties) = preSolution
		HideSolutionNode = FALSE
	EndGlobalSection
	GlobalSection(ExtensibilityGlobals) = postSolution
		SolutionGuid = {09FBA418-C71E-47DD-9B70-BC7C6151CA3C}
	EndGlobalSection
EndGlobal
